
Microsoft Visual Studio Solution File, Format Version 12.00
# Visual Studio Version 16
VisualStudioVersion = 16.0.30320.27
MinimumVisualStudioVersion = 10.0.40219.1
Project("{FAE04EC0-301F-11D3-BF4B-00C04F79EFBC}") = "Nyous", "Nyous.csproj", "{7CCC9FB8-8B13-4269-9A44-F5207BD3586E}"
EndProject
Global
	GlobalSection(SolutionConfigurationPlatforms) = preSolution
		Debug|Any CPU = Debug|Any CPU
		Release|Any CPU = Release|Any CPU
	EndGlobalSection
	GlobalSection(ProjectConfigurationPlatforms) = postSolution
		{7CCC9FB8-8B13-4269-9A44-F5207BD3586E}.Debug|Any CPU.ActiveCfg = Debug|Any CPU
		{7CCC9FB8-8B13-4269-9A44-F5207BD3586E}.Debug|Any CPU.Build.0 = Debug|Any CPU
		{7CCC9FB8-8B13-4269-9A44-F5207BD3586E}.Release|Any CPU.ActiveCfg = Release|Any CPU
		{7CCC9FB8-8B13-4269-9A44-F5207BD3586E}.Release|Any CPU.Build.0 = Release|Any CPU
	EndGlobalSection
	GlobalSection(SolutionProperties) = preSolution
		HideSolutionNode = FALSE
	EndGlobalSection
	GlobalSection(ExtensibilityGlobals) = postSolution
		SolutionGuid = {41809B3D-76FD-443B-AB46-EE28308AAFFD}
	EndGlobalSection
EndGlobal
