
Microsoft Visual Studio Solution File, Format Version 12.00
# Visual Studio Version 16
VisualStudioVersion = 16.0.30320.27
MinimumVisualStudioVersion = 10.0.40219.1
Project("{FAE04EC0-301F-11D3-BF4B-00C04F79EFBC}") = "API_Jogame", "API_Jogame.csproj", "{FDA69E5C-8CF3-4187-9788-3F4C60F592F2}"
EndProject
Global
	GlobalSection(SolutionConfigurationPlatforms) = preSolution
		Debug|Any CPU = Debug|Any CPU
		Release|Any CPU = Release|Any CPU
	EndGlobalSection
	GlobalSection(ProjectConfigurationPlatforms) = postSolution
		{FDA69E5C-8CF3-4187-9788-3F4C60F592F2}.Debug|Any CPU.ActiveCfg = Debug|Any CPU
		{FDA69E5C-8CF3-4187-9788-3F4C60F592F2}.Debug|Any CPU.Build.0 = Debug|Any CPU
		{FDA69E5C-8CF3-4187-9788-3F4C60F592F2}.Release|Any CPU.ActiveCfg = Release|Any CPU
		{FDA69E5C-8CF3-4187-9788-3F4C60F592F2}.Release|Any CPU.Build.0 = Release|Any CPU
	EndGlobalSection
	GlobalSection(SolutionProperties) = preSolution
		HideSolutionNode = FALSE
	EndGlobalSection
	GlobalSection(ExtensibilityGlobals) = postSolution
		SolutionGuid = {7191B969-7503-4E47-867D-23E4CD57AA11}
	EndGlobalSection
EndGlobal
